# Generated by pub
# See http://pub.dartlang.org/doc/glossary.html#lockfile
packages:
  parsers:
    description: parsers
    source: hosted
    version: "0.14.0"
  path:
    description: path
    source: hosted
    version: "1.0.0"
  persistent:
    description: persistent
    source: hosted
    version: "0.8.0"
  stack_trace:
    description: stack_trace
    source: hosted
    version: "0.9.1"
  unittest:
    description: unittest
    source: hosted
    version: "0.9.2+1"
